// !$*UTF8*$!
{
	archiveVersion = 1;
	classes = {
	};
	objectVersion = 56;
	objects = {

/* Begin PBXBuildFile section */
		F30AC0362B55B9A10062A2FD /* main.swift in Sources */ = {isa = PBXBuildFile; fileRef = F30AC0352B55B9A10062A2FD /* main.swift */; };
		F3563CF22B55B76F002CB007 /* ConverterWrapperApp.swift in Sources */ = {isa = PBXBuildFile; fileRef = F3563CF12B55B76F002CB007 /* ConverterWrapperApp.swift */; };
		F3563CF42B55B76F002CB007 /* ContentView.swift in Sources */ = {isa = PBXBuildFile; fileRef = F3563CF32B55B76F002CB007 /* ContentView.swift */; };
		F3563CF62B55B770002CB007 /* Assets.xcassets in Resources */ = {isa = PBXBuildFile; fileRef = F3563CF52B55B770002CB007 /* Assets.xcassets */; };
		F3563CF92B55B770002CB007 /* Preview Assets.xcassets in Resources */ = {isa = PBXBuildFile; fileRef = F3563CF82B55B770002CB007 /* Preview Assets.xcassets */; };
		F35C79732B55BAF500E05595 /* ConvertToHeic in CopyFiles */ = {isa = PBXBuildFile; fileRef = F30AC0332B55B9A10062A2FD /* ConvertToHeic */; settings = {ATTRIBUTES = (CodeSignOnCopy, ); }; };
		F35C797A2B55C02D00E05595 /* ExportHEICCommand.swift in Sources */ = {isa = PBXBuildFile; fileRef = F35C79742B55C02D00E05595 /* ExportHEICCommand.swift */; };
		F35C797B2B55C02D00E05595 /* EnhancedOptions.swift in Sources */ = {isa = PBXBuildFile; fileRef = F35C79752B55C02D00E05595 /* EnhancedOptions.swift */; };
		F35C797C2B55C02D00E05595 /* QualitySearch.swift in Sources */ = {isa = PBXBuildFile; fileRef = F35C79762B55C02D00E05595 /* QualitySearch.swift */; };
		F35C797D2B55C02D00E05595 /* WriteHEIF.swift in Sources */ = {isa = PBXBuildFile; fileRef = F35C79772B55C02D00E05595 /* WriteHEIF.swift */; };
		F35C797E2B55C02D00E05595 /* ForwardPipe.swift in Sources */ = {isa = PBXBuildFile; fileRef = F35C79782B55C02D00E05595 /* ForwardPipe.swift */; };
		F35C797F2B55C02D00E05595 /* WriteSizeLimitedHEIF.swift in Sources */ = {isa = PBXBuildFile; fileRef = F35C79792B55C02D00E05595 /* WriteSizeLimitedHEIF.swift */; };
		F35C79862B55C19200E05595 /* Foundation.framework in Frameworks */ = {isa = PBXBuildFile; fileRef = F35C79842B55C18400E05595 /* Foundation.framework */; };
		F35C798A2B55C1AC00E05595 /* CoreImage.framework in Frameworks */ = {isa = PBXBuildFile; fileRef = F35C79892B55C1AC00E05595 /* CoreImage.framework */; };
		F35C798D2B55C3A600E05595 /* ConsoleKit in Frameworks */ = {isa = PBXBuildFile; productRef = F35C798C2B55C3A600E05595 /* ConsoleKit */; };
/* End PBXBuildFile section */

/* Begin PBXContainerItemProxy section */
		F30AC03A2B55BADD0062A2FD /* PBXContainerItemProxy */ = {
			isa = PBXContainerItemProxy;
			containerPortal = F3563CE62B55B76F002CB007 /* Project object */;
			proxyType = 1;
			remoteGlobalIDString = F30AC0322B55B9A10062A2FD;
			remoteInfo = ConvertToHeic;
		};
/* End PBXContainerItemProxy section */

/* Begin PBXCopyFilesBuildPhase section */
		F30AC0312B55B9A10062A2FD /* CopyFiles */ = {
			isa = PBXCopyFilesBuildPhase;
			buildActionMask = 2147483647;
			dstPath = /usr/share/man/man1/;
			dstSubfolderSpec = 0;
			files = (
			);
			runOnlyForDeploymentPostprocessing = 1;
		};
		F35C79722B55BAEC00E05595 /* CopyFiles */ = {
			isa = PBXCopyFilesBuildPhase;
			buildActionMask = 2147483647;
			dstPath = "";
			dstSubfolderSpec = 6;
			files = (
				F35C79732B55BAF500E05595 /* ConvertToHeic in CopyFiles */,
			);
			runOnlyForDeploymentPostprocessing = 0;
		};
/* End PBXCopyFilesBuildPhase section */

/* Begin PBXFileReference section */
		F30AC0332B55B9A10062A2FD /* ConvertToHeic */ = {isa = PBXFileReference; explicitFileType = "compiled.mach-o.executable"; includeInIndex = 0; path = ConvertToHeic; sourceTree = BUILT_PRODUCTS_DIR; };
		F30AC0352B55B9A10062A2FD /* main.swift */ = {isa = PBXFileReference; lastKnownFileType = sourcecode.swift; path = main.swift; sourceTree = "<group>"; };
		F3563CEE2B55B76F002CB007 /* ConverterWrapper.app */ = {isa = PBXFileReference; explicitFileType = wrapper.application; includeInIndex = 0; path = ConverterWrapper.app; sourceTree = BUILT_PRODUCTS_DIR; };
		F3563CF12B55B76F002CB007 /* ConverterWrapperApp.swift */ = {isa = PBXFileReference; lastKnownFileType = sourcecode.swift; path = ConverterWrapperApp.swift; sourceTree = "<group>"; };
		F3563CF32B55B76F002CB007 /* ContentView.swift */ = {isa = PBXFileReference; lastKnownFileType = sourcecode.swift; path = ContentView.swift; sourceTree = "<group>"; };
		F3563CF52B55B770002CB007 /* Assets.xcassets */ = {isa = PBXFileReference; lastKnownFileType = folder.assetcatalog; path = Assets.xcassets; sourceTree = "<group>"; };
		F3563CF82B55B770002CB007 /* Preview Assets.xcassets */ = {isa = PBXFileReference; lastKnownFileType = folder.assetcatalog; path = "Preview Assets.xcassets"; sourceTree = "<group>"; };
		F3563CFA2B55B770002CB007 /* ConverterWrapper.entitlements */ = {isa = PBXFileReference; lastKnownFileType = text.plist.entitlements; path = ConverterWrapper.entitlements; sourceTree = "<group>"; };
		F35C79742B55C02D00E05595 /* ExportHEICCommand.swift */ = {isa = PBXFileReference; fileEncoding = 4; lastKnownFileType = sourcecode.swift; path = ExportHEICCommand.swift; sourceTree = "<group>"; };
		F35C79752B55C02D00E05595 /* EnhancedOptions.swift */ = {isa = PBXFileReference; fileEncoding = 4; lastKnownFileType = sourcecode.swift; path = EnhancedOptions.swift; sourceTree = "<group>"; };
		F35C79762B55C02D00E05595 /* QualitySearch.swift */ = {isa = PBXFileReference; fileEncoding = 4; lastKnownFileType = sourcecode.swift; path = QualitySearch.swift; sourceTree = "<group>"; };
		F35C79772B55C02D00E05595 /* WriteHEIF.swift */ = {isa = PBXFileReference; fileEncoding = 4; lastKnownFileType = sourcecode.swift; path = WriteHEIF.swift; sourceTree = "<group>"; };
		F35C79782B55C02D00E05595 /* ForwardPipe.swift */ = {isa = PBXFileReference; fileEncoding = 4; lastKnownFileType = sourcecode.swift; path = ForwardPipe.swift; sourceTree = "<group>"; };
		F35C79792B55C02D00E05595 /* WriteSizeLimitedHEIF.swift */ = {isa = PBXFileReference; fileEncoding = 4; lastKnownFileType = sourcecode.swift; path = WriteSizeLimitedHEIF.swift; sourceTree = "<group>"; };
		F35C79842B55C18400E05595 /* Foundation.framework */ = {isa = PBXFileReference; lastKnownFileType = wrapper.framework; name = Foundation.framework; path = System/Library/Frameworks/Foundation.framework; sourceTree = SDKROOT; };
		F35C79892B55C1AC00E05595 /* CoreImage.framework */ = {isa = PBXFileReference; lastKnownFileType = wrapper.framework; name = CoreImage.framework; path = System/Library/Frameworks/CoreImage.framework; sourceTree = SDKROOT; };
/* End PBXFileReference section */

/* Begin PBXFrameworksBuildPhase section */
		F30AC0302B55B9A10062A2FD /* Frameworks */ = {
			isa = PBXFrameworksBuildPhase;
			buildActionMask = 2147483647;
			files = (
				F35C798D2B55C3A600E05595 /* ConsoleKit in Frameworks */,
				F35C79862B55C19200E05595 /* Foundation.framework in Frameworks */,
				F35C798A2B55C1AC00E05595 /* CoreImage.framework in Frameworks */,
			);
			runOnlyForDeploymentPostprocessing = 0;
		};
		F3563CEB2B55B76F002CB007 /* Frameworks */ = {
			isa = PBXFrameworksBuildPhase;
			buildActionMask = 2147483647;
			files = (
			);
			runOnlyForDeploymentPostprocessing = 0;
		};
/* End PBXFrameworksBuildPhase section */

/* Begin PBXGroup section */
		F30AC0342B55B9A10062A2FD /* ConvertToHeic */ = {
			isa = PBXGroup;
			children = (
				F35C79752B55C02D00E05595 /* EnhancedOptions.swift */,
				F35C79742B55C02D00E05595 /* ExportHEICCommand.swift */,
				F35C79782B55C02D00E05595 /* ForwardPipe.swift */,
				F35C79762B55C02D00E05595 /* QualitySearch.swift */,
				F35C79772B55C02D00E05595 /* WriteHEIF.swift */,
				F35C79792B55C02D00E05595 /* WriteSizeLimitedHEIF.swift */,
				F30AC0352B55B9A10062A2FD /* main.swift */,
			);
			path = ConvertToHeic;
			sourceTree = "<group>";
		};
		F3563CE52B55B76F002CB007 = {
			isa = PBXGroup;
			children = (
				F3563CF02B55B76F002CB007 /* ConverterWrapper */,
				F30AC0342B55B9A10062A2FD /* ConvertToHeic */,
				F3563CEF2B55B76F002CB007 /* Products */,
				F35C79832B55C18400E05595 /* Frameworks */,
			);
			indentWidth = 2;
			sourceTree = "<group>";
			tabWidth = 2;
		};
		F3563CEF2B55B76F002CB007 /* Products */ = {
			isa = PBXGroup;
			children = (
				F3563CEE2B55B76F002CB007 /* ConverterWrapper.app */,
				F30AC0332B55B9A10062A2FD /* ConvertToHeic */,
			);
			name = Products;
			sourceTree = "<group>";
		};
		F3563CF02B55B76F002CB007 /* ConverterWrapper */ = {
			isa = PBXGroup;
			children = (
				F3563CF12B55B76F002CB007 /* ConverterWrapperApp.swift */,
				F3563CF32B55B76F002CB007 /* ContentView.swift */,
				F3563CF52B55B770002CB007 /* Assets.xcassets */,
				F3563CFA2B55B770002CB007 /* ConverterWrapper.entitlements */,
				F3563CF72B55B770002CB007 /* Preview Content */,
			);
			path = ConverterWrapper;
			sourceTree = "<group>";
		};
		F3563CF72B55B770002CB007 /* Preview Content */ = {
			isa = PBXGroup;
			children = (
				F3563CF82B55B770002CB007 /* Preview Assets.xcassets */,
			);
			path = "Preview Content";
			sourceTree = "<group>";
		};
		F35C79832B55C18400E05595 /* Frameworks */ = {
			isa = PBXGroup;
			children = (
				F35C79892B55C1AC00E05595 /* CoreImage.framework */,
				F35C79842B55C18400E05595 /* Foundation.framework */,
			);
			name = Frameworks;
			sourceTree = "<group>";
		};
/* End PBXGroup section */

/* Begin PBXNativeTarget section */
		F30AC0322B55B9A10062A2FD /* ConvertToHeic */ = {
			isa = PBXNativeTarget;
			buildConfigurationList = F30AC0372B55B9A10062A2FD /* Build configuration list for PBXNativeTarget "ConvertToHeic" */;
			buildPhases = (
				F30AC02F2B55B9A10062A2FD /* Sources */,
				F30AC0302B55B9A10062A2FD /* Frameworks */,
				F30AC0312B55B9A10062A2FD /* CopyFiles */,
			);
			buildRules = (
			);
			dependencies = (
			);
			name = ConvertToHeic;
			packageProductDependencies = (
				F35C798C2B55C3A600E05595 /* ConsoleKit */,
			);
			productName = ConvertToHeic;
			productReference = F30AC0332B55B9A10062A2FD /* ConvertToHeic */;
			productType = "com.apple.product-type.tool";
		};
		F3563CED2B55B76F002CB007 /* ConverterWrapper */ = {
			isa = PBXNativeTarget;
			buildConfigurationList = F3563CFD2B55B770002CB007 /* Build configuration list for PBXNativeTarget "ConverterWrapper" */;
			buildPhases = (
				F3563CEA2B55B76F002CB007 /* Sources */,
				F3563CEB2B55B76F002CB007 /* Frameworks */,
				F3563CEC2B55B76F002CB007 /* Resources */,
				F35C79722B55BAEC00E05595 /* CopyFiles */,
			);
			buildRules = (
			);
			dependencies = (
				F30AC03B2B55BADD0062A2FD /* PBXTargetDependency */,
			);
			name = ConverterWrapper;
			productName = ConverterWrapper;
			productReference = F3563CEE2B55B76F002CB007 /* ConverterWrapper.app */;
			productType = "com.apple.product-type.application";
		};
/* End PBXNativeTarget section */

/* Begin PBXProject section */
		F3563CE62B55B76F002CB007 /* Project object */ = {
			isa = PBXProject;
			attributes = {
				BuildIndependentTargetsInParallel = 1;
				LastSwiftUpdateCheck = 1520;
				LastUpgradeCheck = 1520;
				TargetAttributes = {
					F30AC0322B55B9A10062A2FD = {
						CreatedOnToolsVersion = 15.2;
					};
					F3563CED2B55B76F002CB007 = {
						CreatedOnToolsVersion = 15.2;
					};
				};
			};
			buildConfigurationList = F3563CE92B55B76F002CB007 /* Build configuration list for PBXProject "ConverterWrapper" */;
			compatibilityVersion = "Xcode 14.0";
			developmentRegion = en;
			hasScannedForEncodings = 0;
			knownRegions = (
				en,
				Base,
			);
			mainGroup = F3563CE52B55B76F002CB007;
			packageReferences = (
				F35C798B2B55C3A600E05595 /* XCRemoteSwiftPackageReference "console-kit" */,
			);
			productRefGroup = F3563CEF2B55B76F002CB007 /* Products */;
			projectDirPath = "";
			projectRoot = "";
			targets = (
				F3563CED2B55B76F002CB007 /* ConverterWrapper */,
				F30AC0322B55B9A10062A2FD /* ConvertToHeic */,
			);
		};
/* End PBXProject section */

/* Begin PBXResourcesBuildPhase section */
		F3563CEC2B55B76F002CB007 /* Resources */ = {
			isa = PBXResourcesBuildPhase;
			buildActionMask = 2147483647;
			files = (
				F3563CF92B55B770002CB007 /* Preview Assets.xcassets in Resources */,
				F3563CF62B55B770002CB007 /* Assets.xcassets in Resources */,
			);
			runOnlyForDeploymentPostprocessing = 0;
		};
/* End PBXResourcesBuildPhase section */

/* Begin PBXSourcesBuildPhase section */
		F30AC02F2B55B9A10062A2FD /* Sources */ = {
			isa = PBXSourcesBuildPhase;
			buildActionMask = 2147483647;
			files = (
				F35C797A2B55C02D00E05595 /* ExportHEICCommand.swift in Sources */,
				F35C797D2B55C02D00E05595 /* WriteHEIF.swift in Sources */,
				F35C797C2B55C02D00E05595 /* QualitySearch.swift in Sources */,
				F35C797F2B55C02D00E05595 /* WriteSizeLimitedHEIF.swift in Sources */,
				F35C797B2B55C02D00E05595 /* EnhancedOptions.swift in Sources */,
				F30AC0362B55B9A10062A2FD /* main.swift in Sources */,
				F35C797E2B55C02D00E05595 /* ForwardPipe.swift in Sources */,
			);
			runOnlyForDeploymentPostprocessing = 0;
		};
		F3563CEA2B55B76F002CB007 /* Sources */ = {
			isa = PBXSourcesBuildPhase;
			buildActionMask = 2147483647;
			files = (
				F3563CF42B55B76F002CB007 /* ContentView.swift in Sources */,
				F3563CF22B55B76F002CB007 /* ConverterWrapperApp.swift in Sources */,
			);
			runOnlyForDeploymentPostprocessing = 0;
		};
/* End PBXSourcesBuildPhase section */

/* Begin PBXTargetDependency section */
		F30AC03B2B55BADD0062A2FD /* PBXTargetDependency */ = {
			isa = PBXTargetDependency;
			target = F30AC0322B55B9A10062A2FD /* ConvertToHeic */;
			targetProxy = F30AC03A2B55BADD0062A2FD /* PBXContainerItemProxy */;
		};
/* End PBXTargetDependency section */

/* Begin XCBuildConfiguration section */
		F30AC0382B55B9A10062A2FD /* Debug */ = {
			isa = XCBuildConfiguration;
			buildSettings = {
				"CODE_SIGN_IDENTITY[sdk=macosx*]" = "Apple Development";
				CODE_SIGN_STYLE = Automatic;
				DEVELOPMENT_TEAM = W5MWTSVZPB;
				ENABLE_HARDENED_RUNTIME = YES;
				OTHER_CODE_SIGN_FLAGS = "$(inherited) -i $(PRODUCT_BUNDLE_IDENTIFIER)";
				PRODUCT_BUNDLE_IDENTIFIER = net.youngcat.ConverterWrapper.ConvertToHeic;
				PRODUCT_NAME = "$(TARGET_NAME)";
				SKIP_INSTALL = YES;
				SWIFT_VERSION = 5.0;
			};
			name = Debug;
		};
		F30AC0392B55B9A10062A2FD /* Release */ = {
			isa = XCBuildConfiguration;
			buildSettings = {
				"CODE_SIGN_IDENTITY[sdk=macosx*]" = "Apple Development";
				CODE_SIGN_STYLE = Automatic;
				DEVELOPMENT_TEAM = W5MWTSVZPB;
				ENABLE_HARDENED_RUNTIME = YES;
				OTHER_CODE_SIGN_FLAGS = "$(inherited) -i $(PRODUCT_BUNDLE_IDENTIFIER)";
				PRODUCT_BUNDLE_IDENTIFIER = net.youngcat.ConverterWrapper.ConvertToHeic;
				PRODUCT_NAME = "$(TARGET_NAME)";
				SKIP_INSTALL = YES;
				SWIFT_VERSION = 5.0;
			};
			name = Release;
		};
		F3563CFB2B55B770002CB007 /* Debug */ = {
			isa = XCBuildConfiguration;
			buildSettings = {
				ALWAYS_SEARCH_USER_PATHS = NO;
				ASSETCATALOG_COMPILER_GENERATE_SWIFT_ASSET_SYMBOL_EXTENSIONS = YES;
				CLANG_ANALYZER_NONNULL = YES;
				CLANG_ANALYZER_NUMBER_OBJECT_CONVERSION = YES_AGGRESSIVE;
				CLANG_CXX_LANGUAGE_STANDARD = "gnu++20";
				CLANG_ENABLE_MODULES = YES;
				CLANG_ENABLE_OBJC_ARC = YES;
				CLANG_ENABLE_OBJC_WEAK = YES;
				CLANG_WARN_BLOCK_CAPTURE_AUTORELEASING = YES;
				CLANG_WARN_BOOL_CONVERSION = YES;
				CLANG_WARN_COMMA = YES;
				CLANG_WARN_CONSTANT_CONVERSION = YES;
				CLANG_WARN_DEPRECATED_OBJC_IMPLEMENTATIONS = YES;
				CLANG_WARN_DIRECT_OBJC_ISA_USAGE = YES_ERROR;
				CLANG_WARN_DOCUMENTATION_COMMENTS = YES;
				CLANG_WARN_EMPTY_BODY = YES;
				CLANG_WARN_ENUM_CONVERSION = YES;
				CLANG_WARN_INFINITE_RECURSION = YES;
				CLANG_WARN_INT_CONVERSION = YES;
				CLANG_WARN_NON_LITERAL_NULL_CONVERSION = YES;
				CLANG_WARN_OBJC_IMPLICIT_RETAIN_SELF = YES;
				CLANG_WARN_OBJC_LITERAL_CONVERSION = YES;
				CLANG_WARN_OBJC_ROOT_CLASS = YES_ERROR;
				CLANG_WARN_QUOTED_INCLUDE_IN_FRAMEWORK_HEADER = YES;
				CLANG_WARN_RANGE_LOOP_ANALYSIS = YES;
				CLANG_WARN_STRICT_PROTOTYPES = YES;
				CLANG_WARN_SUSPICIOUS_MOVE = YES;
				CLANG_WARN_UNGUARDED_AVAILABILITY = YES_AGGRESSIVE;
				CLANG_WARN_UNREACHABLE_CODE = YES;
				CLANG_WARN__DUPLICATE_METHOD_MATCH = YES;
				COPY_PHASE_STRIP = NO;
				DEBUG_INFORMATION_FORMAT = dwarf;
				ENABLE_STRICT_OBJC_MSGSEND = YES;
				ENABLE_TESTABILITY = YES;
				ENABLE_USER_SCRIPT_SANDBOXING = YES;
				GCC_C_LANGUAGE_STANDARD = gnu17;
				GCC_DYNAMIC_NO_PIC = NO;
				GCC_NO_COMMON_BLOCKS = YES;
				GCC_OPTIMIZATION_LEVEL = 0;
				GCC_PREPROCESSOR_DEFINITIONS = (
					"DEBUG=1",
					"$(inherited)",
				);
				GCC_WARN_64_TO_32_BIT_CONVERSION = YES;
				GCC_WARN_ABOUT_RETURN_TYPE = YES_ERROR;
				GCC_WARN_UNDECLARED_SELECTOR = YES;
				GCC_WARN_UNINITIALIZED_AUTOS = YES_AGGRESSIVE;
				GCC_WARN_UNUSED_FUNCTION = YES;
				GCC_WARN_UNUSED_VARIABLE = YES;
				LOCALIZATION_PREFERS_STRING_CATALOGS = YES;
				MACOSX_DEPLOYMENT_TARGET = 12.0;
				MTL_ENABLE_DEBUG_INFO = INCLUDE_SOURCE;
				MTL_FAST_MATH = YES;
				ONLY_ACTIVE_ARCH = YES;
				SDKROOT = macosx;
				SWIFT_ACTIVE_COMPILATION_CONDITIONS = "DEBUG $(inherited)";
				SWIFT_OPTIMIZATION_LEVEL = "-Onone";
			};
			name = Debug;
		};
		F3563CFC2B55B770002CB007 /* Release */ = {
			isa = XCBuildConfiguration;
			buildSettings = {
				ALWAYS_SEARCH_USER_PATHS = NO;
				ASSETCATALOG_COMPILER_GENERATE_SWIFT_ASSET_SYMBOL_EXTENSIONS = YES;
				CLANG_ANALYZER_NONNULL = YES;
				CLANG_ANALYZER_NUMBER_OBJECT_CONVERSION = YES_AGGRESSIVE;
				CLANG_CXX_LANGUAGE_STANDARD = "gnu++20";
				CLANG_ENABLE_MODULES = YES;
				CLANG_ENABLE_OBJC_ARC = YES;
				CLANG_ENABLE_OBJC_WEAK = YES;
				CLANG_WARN_BLOCK_CAPTURE_AUTORELEASING = YES;
				CLANG_WARN_BOOL_CONVERSION = YES;
				CLANG_WARN_COMMA = YES;
				CLANG_WARN_CONSTANT_CONVERSION = YES;
				CLANG_WARN_DEPRECATED_OBJC_IMPLEMENTATIONS = YES;
				CLANG_WARN_DIRECT_OBJC_ISA_USAGE = YES_ERROR;
				CLANG_WARN_DOCUMENTATION_COMMENTS = YES;
				CLANG_WARN_EMPTY_BODY = YES;
				CLANG_WARN_ENUM_CONVERSION = YES;
				CLANG_WARN_INFINITE_RECURSION = YES;
				CLANG_WARN_INT_CONVERSION = YES;
				CLANG_WARN_NON_LITERAL_NULL_CONVERSION = YES;
				CLANG_WARN_OBJC_IMPLICIT_RETAIN_SELF = YES;
				CLANG_WARN_OBJC_LITERAL_CONVERSION = YES;
				CLANG_WARN_OBJC_ROOT_CLASS = YES_ERROR;
				CLANG_WARN_QUOTED_INCLUDE_IN_FRAMEWORK_HEADER = YES;
				CLANG_WARN_RANGE_LOOP_ANALYSIS = YES;
				CLANG_WARN_STRICT_PROTOTYPES = YES;
				CLANG_WARN_SUSPICIOUS_MOVE = YES;
				CLANG_WARN_UNGUARDED_AVAILABILITY = YES_AGGRESSIVE;
				CLANG_WARN_UNREACHABLE_CODE = YES;
				CLANG_WARN__DUPLICATE_METHOD_MATCH = YES;
				COPY_PHASE_STRIP = NO;
				DEBUG_INFORMATION_FORMAT = "dwarf-with-dsym";
				ENABLE_NS_ASSERTIONS = NO;
				ENABLE_STRICT_OBJC_MSGSEND = YES;
				ENABLE_USER_SCRIPT_SANDBOXING = YES;
				GCC_C_LANGUAGE_STANDARD = gnu17;
				GCC_NO_COMMON_BLOCKS = YES;
				GCC_WARN_64_TO_32_BIT_CONVERSION = YES;
				GCC_WARN_ABOUT_RETURN_TYPE = YES_ERROR;
				GCC_WARN_UNDECLARED_SELECTOR = YES;
				GCC_WARN_UNINITIALIZED_AUTOS = YES_AGGRESSIVE;
				GCC_WARN_UNUSED_FUNCTION = YES;
				GCC_WARN_UNUSED_VARIABLE = YES;
				LOCALIZATION_PREFERS_STRING_CATALOGS = YES;
				MACOSX_DEPLOYMENT_TARGET = 12.0;
				MTL_ENABLE_DEBUG_INFO = NO;
				MTL_FAST_MATH = YES;
				SDKROOT = macosx;
				SWIFT_COMPILATION_MODE = wholemodule;
			};
			name = Release;
		};
		F3563CFE2B55B770002CB007 /* Debug */ = {
			isa = XCBuildConfiguration;
			buildSettings = {
				ASSETCATALOG_COMPILER_APPICON_NAME = AppIcon;
				ASSETCATALOG_COMPILER_GLOBAL_ACCENT_COLOR_NAME = AccentColor;
				CODE_SIGN_ENTITLEMENTS = ConverterWrapper/ConverterWrapper.entitlements;
				"CODE_SIGN_IDENTITY[sdk=macosx*]" = "Apple Development";
				CODE_SIGN_STYLE = Automatic;
				COMBINE_HIDPI_IMAGES = YES;
				CURRENT_PROJECT_VERSION = 1;
				DEVELOPMENT_ASSET_PATHS = "\"ConverterWrapper/Preview Content\"";
				DEVELOPMENT_TEAM = W5MWTSVZPB;
				ENABLE_HARDENED_RUNTIME = YES;
				ENABLE_PREVIEWS = YES;
				GENERATE_INFOPLIST_FILE = YES;
				INFOPLIST_KEY_CFBundleDisplayName = "HEIC Converter Dummy App";
				INFOPLIST_KEY_LSApplicationCategoryType = "public.app-category.utilities";
				INFOPLIST_KEY_NSHumanReadableCopyright = "";
				LD_RUNPATH_SEARCH_PATHS = (
					"$(inherited)",
					"@executable_path/../Frameworks",
				);
				MARKETING_VERSION = 1.0;
				PRODUCT_BUNDLE_IDENTIFIER = net.youngcat.ConverterWrapper;
				PRODUCT_NAME = "$(TARGET_NAME)";
				SWIFT_EMIT_LOC_STRINGS = YES;
				SWIFT_VERSION = 5.0;
			};
			name = Debug;
		};
		F3563CFF2B55B770002CB007 /* Release */ = {
			isa = XCBuildConfiguration;
			buildSettings = {
				ASSETCATALOG_COMPILER_APPICON_NAME = AppIcon;
				ASSETCATALOG_COMPILER_GLOBAL_ACCENT_COLOR_NAME = AccentColor;
				CODE_SIGN_ENTITLEMENTS = ConverterWrapper/ConverterWrapper.entitlements;
				"CODE_SIGN_IDENTITY[sdk=macosx*]" = "Apple Development";
				CODE_SIGN_STYLE = Automatic;
				COMBINE_HIDPI_IMAGES = YES;
				CURRENT_PROJECT_VERSION = 1;
				DEVELOPMENT_ASSET_PATHS = "\"ConverterWrapper/Preview Content\"";
				DEVELOPMENT_TEAM = W5MWTSVZPB;
				ENABLE_HARDENED_RUNTIME = YES;
				ENABLE_PREVIEWS = YES;
				GENERATE_INFOPLIST_FILE = YES;
				INFOPLIST_KEY_CFBundleDisplayName = "HEIC Converter Dummy App";
				INFOPLIST_KEY_LSApplicationCategoryType = "public.app-category.utilities";
				INFOPLIST_KEY_NSHumanReadableCopyright = "";
				LD_RUNPATH_SEARCH_PATHS = (
					"$(inherited)",
					"@executable_path/../Frameworks",
				);
				MARKETING_VERSION = 1.0;
				PRODUCT_BUNDLE_IDENTIFIER = net.youngcat.ConverterWrapper;
				PRODUCT_NAME = "$(TARGET_NAME)";
				SWIFT_EMIT_LOC_STRINGS = YES;
				SWIFT_VERSION = 5.0;
			};
			name = Release;
		};
/* End XCBuildConfiguration section */

/* Begin XCConfigurationList section */
		F30AC0372B55B9A10062A2FD /* Build configuration list for PBXNativeTarget "ConvertToHeic" */ = {
			isa = XCConfigurationList;
			buildConfigurations = (
				F30AC0382B55B9A10062A2FD /* Debug */,
				F30AC0392B55B9A10062A2FD /* Release */,
			);
			defaultConfigurationIsVisible = 0;
			defaultConfigurationName = Release;
		};
		F3563CE92B55B76F002CB007 /* Build configuration list for PBXProject "ConverterWrapper" */ = {
			isa = XCConfigurationList;
			buildConfigurations = (
				F3563CFB2B55B770002CB007 /* Debug */,
				F3563CFC2B55B770002CB007 /* Release */,
			);
			defaultConfigurationIsVisible = 0;
			defaultConfigurationName = Release;
		};
		F3563CFD2B55B770002CB007 /* Build configuration list for PBXNativeTarget "ConverterWrapper" */ = {
			isa = XCConfigurationList;
			buildConfigurations = (
				F3563CFE2B55B770002CB007 /* Debug */,
				F3563CFF2B55B770002CB007 /* Release */,
			);
			defaultConfigurationIsVisible = 0;
			defaultConfigurationName = Release;
		};
/* End XCConfigurationList section */

/* Begin XCRemoteSwiftPackageReference section */
		F35C798B2B55C3A600E05595 /* XCRemoteSwiftPackageReference "console-kit" */ = {
			isa = XCRemoteSwiftPackageReference;
			repositoryURL = "https://github.com/vapor/console-kit";
			requirement = {
				kind = upToNextMajorVersion;
				minimumVersion = 4.14.1;
			};
		};
/* End XCRemoteSwiftPackageReference section */

/* Begin XCSwiftPackageProductDependency section */
		F35C798C2B55C3A600E05595 /* ConsoleKit */ = {
			isa = XCSwiftPackageProductDependency;
			package = F35C798B2B55C3A600E05595 /* XCRemoteSwiftPackageReference "console-kit" */;
			productName = ConsoleKit;
		};
/* End XCSwiftPackageProductDependency section */
	};
	rootObject = F3563CE62B55B76F002CB007 /* Project object */;
}
